
Microsoft Visual Studio Solution File, Format Version 12.00
Project("{FAE04EC0-301F-11D3-BF4B-00C04F79EFBC}") = "SchoolH", "SchoolH\SchoolH.csproj", "{353F0E2A-0C4E-4837-A02D-E8E28261BD1C}"
EndProject
Global
	GlobalSection(SolutionConfigurationPlatforms) = preSolution
		Debug|Any CPU = Debug|Any CPU
		Release|Any CPU = Release|Any CPU
	EndGlobalSection
	GlobalSection(ProjectConfigurationPlatforms) = postSolution
		{353F0E2A-0C4E-4837-A02D-E8E28261BD1C}.Debug|Any CPU.ActiveCfg = Debug|Any CPU
		{353F0E2A-0C4E-4837-A02D-E8E28261BD1C}.Debug|Any CPU.Build.0 = Debug|Any CPU
		{353F0E2A-0C4E-4837-A02D-E8E28261BD1C}.Release|Any CPU.ActiveCfg = Release|Any CPU
		{353F0E2A-0C4E-4837-A02D-E8E28261BD1C}.Release|Any CPU.Build.0 = Release|Any CPU
	EndGlobalSection
EndGlobal
